// !$*UTF8*$!
{
	archiveVersion = 1;
	classes = {
	};
	objectVersion = 56;
	objects = {

/* Begin PBXBuildFile section */
		5581B9982B5B3FC90011FA95 /* KeychainExampleApp.swift in Sources */ = {isa = PBXBuildFile; fileRef = 5581B9972B5B3FC90011FA95 /* KeychainExampleApp.swift */; };
		5581B99A2B5B3FC90011FA95 /* ContentView.swift in Sources */ = {isa = PBXBuildFile; fileRef = 5581B9992B5B3FC90011FA95 /* ContentView.swift */; };
		5581B99C2B5B3FCB0011FA95 /* Assets.xcassets in Resources */ = {isa = PBXBuildFile; fileRef = 5581B99B2B5B3FCB0011FA95 /* Assets.xcassets */; };
		5581B99F2B5B3FCB0011FA95 /* Preview Assets.xcassets in Resources */ = {isa = PBXBuildFile; fileRef = 5581B99E2B5B3FCB0011FA95 /* Preview Assets.xcassets */; };
		5581B9A92B5B3FCB0011FA95 /* KeychainExampleTests.swift in Sources */ = {isa = PBXBuildFile; fileRef = 5581B9A82B5B3FCB0011FA95 /* KeychainExampleTests.swift */; };
		5581B9B32B5B3FCB0011FA95 /* KeychainExampleUITests.swift in Sources */ = {isa = PBXBuildFile; fileRef = 5581B9B22B5B3FCB0011FA95 /* KeychainExampleUITests.swift */; };
		5581B9B52B5B3FCB0011FA95 /* KeychainExampleUITestsLaunchTests.swift in Sources */ = {isa = PBXBuildFile; fileRef = 5581B9B42B5B3FCB0011FA95 /* KeychainExampleUITestsLaunchTests.swift */; };
		5581B9C22B5B3FEF0011FA95 /* KeychainService.swift in Sources */ = {isa = PBXBuildFile; fileRef = 5581B9C12B5B3FEF0011FA95 /* KeychainService.swift */; };
/* End PBXBuildFile section */

/* Begin PBXContainerItemProxy section */
		5581B9A52B5B3FCB0011FA95 /* PBXContainerItemProxy */ = {
			isa = PBXContainerItemProxy;
			containerPortal = 5581B98C2B5B3FC90011FA95 /* Project object */;
			proxyType = 1;
			remoteGlobalIDString = 5581B9932B5B3FC90011FA95;
			remoteInfo = KeychainExample;
		};
		5581B9AF2B5B3FCB0011FA95 /* PBXContainerItemProxy */ = {
			isa = PBXContainerItemProxy;
			containerPortal = 5581B98C2B5B3FC90011FA95 /* Project object */;
			proxyType = 1;
			remoteGlobalIDString = 5581B9932B5B3FC90011FA95;
			remoteInfo = KeychainExample;
		};
/* End PBXContainerItemProxy section */

/* Begin PBXFileReference section */
		5581B9942B5B3FC90011FA95 /* KeychainExample.app */ = {isa = PBXFileReference; explicitFileType = wrapper.application; includeInIndex = 0; path = KeychainExample.app; sourceTree = BUILT_PRODUCTS_DIR; };
		5581B9972B5B3FC90011FA95 /* KeychainExampleApp.swift */ = {isa = PBXFileReference; lastKnownFileType = sourcecode.swift; path = KeychainExampleApp.swift; sourceTree = "<group>"; };
		5581B9992B5B3FC90011FA95 /* ContentView.swift */ = {isa = PBXFileReference; lastKnownFileType = sourcecode.swift; path = ContentView.swift; sourceTree = "<group>"; };
		5581B99B2B5B3FCB0011FA95 /* Assets.xcassets */ = {isa = PBXFileReference; lastKnownFileType = folder.assetcatalog; path = Assets.xcassets; sourceTree = "<group>"; };
		5581B99E2B5B3FCB0011FA95 /* Preview Assets.xcassets */ = {isa = PBXFileReference; lastKnownFileType = folder.assetcatalog; path = "Preview Assets.xcassets"; sourceTree = "<group>"; };
		5581B9A42B5B3FCB0011FA95 /* KeychainExampleTests.xctest */ = {isa = PBXFileReference; explicitFileType = wrapper.cfbundle; includeInIndex = 0; path = KeychainExampleTests.xctest; sourceTree = BUILT_PRODUCTS_DIR; };
		5581B9A82B5B3FCB0011FA95 /* KeychainExampleTests.swift */ = {isa = PBXFileReference; lastKnownFileType = sourcecode.swift; path = KeychainExampleTests.swift; sourceTree = "<group>"; };
		5581B9AE2B5B3FCB0011FA95 /* KeychainExampleUITests.xctest */ = {isa = PBXFileReference; explicitFileType = wrapper.cfbundle; includeInIndex = 0; path = KeychainExampleUITests.xctest; sourceTree = BUILT_PRODUCTS_DIR; };
		5581B9B22B5B3FCB0011FA95 /* KeychainExampleUITests.swift */ = {isa = PBXFileReference; lastKnownFileType = sourcecode.swift; path = KeychainExampleUITests.swift; sourceTree = "<group>"; };
		5581B9B42B5B3FCB0011FA95 /* KeychainExampleUITestsLaunchTests.swift */ = {isa = PBXFileReference; lastKnownFileType = sourcecode.swift; path = KeychainExampleUITestsLaunchTests.swift; sourceTree = "<group>"; };
		5581B9C12B5B3FEF0011FA95 /* KeychainService.swift */ = {isa = PBXFileReference; lastKnownFileType = sourcecode.swift; path = KeychainService.swift; sourceTree = "<group>"; };
/* End PBXFileReference section */

/* Begin PBXFrameworksBuildPhase section */
		5581B9912B5B3FC90011FA95 /* Frameworks */ = {
			isa = PBXFrameworksBuildPhase;
			buildActionMask = 2147483647;
			files = (
			);
			runOnlyForDeploymentPostprocessing = 0;
		};
		5581B9A12B5B3FCB0011FA95 /* Frameworks */ = {
			isa = PBXFrameworksBuildPhase;
			buildActionMask = 2147483647;
			files = (
			);
			runOnlyForDeploymentPostprocessing = 0;
		};
		5581B9AB2B5B3FCB0011FA95 /* Frameworks */ = {
			isa = PBXFrameworksBuildPhase;
			buildActionMask = 2147483647;
			files = (
			);
			runOnlyForDeploymentPostprocessing = 0;
		};
/* End PBXFrameworksBuildPhase section */

/* Begin PBXGroup section */
		5581B98B2B5B3FC90011FA95 = {
			isa = PBXGroup;
			children = (
				5581B9962B5B3FC90011FA95 /* KeychainExample */,
				5581B9A72B5B3FCB0011FA95 /* KeychainExampleTests */,
				5581B9B12B5B3FCB0011FA95 /* KeychainExampleUITests */,
				5581B9952B5B3FC90011FA95 /* Products */,
			);
			sourceTree = "<group>";
		};
		5581B9952B5B3FC90011FA95 /* Products */ = {
			isa = PBXGroup;
			children = (
				5581B9942B5B3FC90011FA95 /* KeychainExample.app */,
				5581B9A42B5B3FCB0011FA95 /* KeychainExampleTests.xctest */,
				5581B9AE2B5B3FCB0011FA95 /* KeychainExampleUITests.xctest */,
			);
			name = Products;
			sourceTree = "<group>";
		};
		5581B9962B5B3FC90011FA95 /* KeychainExample */ = {
			isa = PBXGroup;
			children = (
				5581B9972B5B3FC90011FA95 /* KeychainExampleApp.swift */,
				5581B9992B5B3FC90011FA95 /* ContentView.swift */,
				5581B99B2B5B3FCB0011FA95 /* Assets.xcassets */,
				5581B99D2B5B3FCB0011FA95 /* Preview Content */,
				5581B9C12B5B3FEF0011FA95 /* KeychainService.swift */,
			);
			path = KeychainExample;
			sourceTree = "<group>";
		};
		5581B99D2B5B3FCB0011FA95 /* Preview Content */ = {
			isa = PBXGroup;
			children = (
				5581B99E2B5B3FCB0011FA95 /* Preview Assets.xcassets */,
			);
			path = "Preview Content";
			sourceTree = "<group>";
		};
		5581B9A72B5B3FCB0011FA95 /* KeychainExampleTests */ = {
			isa = PBXGroup;
			children = (
				5581B9A82B5B3FCB0011FA95 /* KeychainExampleTests.swift */,
			);
			path = KeychainExampleTests;
			sourceTree = "<group>";
		};
		5581B9B12B5B3FCB0011FA95 /* KeychainExampleUITests */ = {
			isa = PBXGroup;
			children = (
				5581B9B22B5B3FCB0011FA95 /* KeychainExampleUITests.swift */,
				5581B9B42B5B3FCB0011FA95 /* KeychainExampleUITestsLaunchTests.swift */,
			);
			path = KeychainExampleUITests;
			sourceTree = "<group>";
		};
/* End PBXGroup section */

/* Begin PBXNativeTarget section */
		5581B9932B5B3FC90011FA95 /* KeychainExample */ = {
			isa = PBXNativeTarget;
			buildConfigurationList = 5581B9B82B5B3FCB0011FA95 /* Build configuration list for PBXNativeTarget "KeychainExample" */;
			buildPhases = (
				5581B9902B5B3FC90011FA95 /* Sources */,
				5581B9912B5B3FC90011FA95 /* Frameworks */,
				5581B9922B5B3FC90011FA95 /* Resources */,
			);
			buildRules = (
			);
			dependencies = (
			);
			name = KeychainExample;
			productName = KeychainExample;
			productReference = 5581B9942B5B3FC90011FA95 /* KeychainExample.app */;
			productType = "com.apple.product-type.application";
		};
		5581B9A32B5B3FCB0011FA95 /* KeychainExampleTests */ = {
			isa = PBXNativeTarget;
			buildConfigurationList = 5581B9BB2B5B3FCB0011FA95 /* Build configuration list for PBXNativeTarget "KeychainExampleTests" */;
			buildPhases = (
				5581B9A02B5B3FCB0011FA95 /* Sources */,
				5581B9A12B5B3FCB0011FA95 /* Frameworks */,
				5581B9A22B5B3FCB0011FA95 /* Resources */,
			);
			buildRules = (
			);
			dependencies = (
				5581B9A62B5B3FCB0011FA95 /* PBXTargetDependency */,
			);
			name = KeychainExampleTests;
			productName = KeychainExampleTests;
			productReference = 5581B9A42B5B3FCB0011FA95 /* KeychainExampleTests.xctest */;
			productType = "com.apple.product-type.bundle.unit-test";
		};
		5581B9AD2B5B3FCB0011FA95 /* KeychainExampleUITests */ = {
			isa = PBXNativeTarget;
			buildConfigurationList = 5581B9BE2B5B3FCB0011FA95 /* Build configuration list for PBXNativeTarget "KeychainExampleUITests" */;
			buildPhases = (
				5581B9AA2B5B3FCB0011FA95 /* Sources */,
				5581B9AB2B5B3FCB0011FA95 /* Frameworks */,
				5581B9AC2B5B3FCB0011FA95 /* Resources */,
			);
			buildRules = (
			);
			dependencies = (
				5581B9B02B5B3FCB0011FA95 /* PBXTargetDependency */,
			);
			name = KeychainExampleUITests;
			productName = KeychainExampleUITests;
			productReference = 5581B9AE2B5B3FCB0011FA95 /* KeychainExampleUITests.xctest */;
			productType = "com.apple.product-type.bundle.ui-testing";
		};
/* End PBXNativeTarget section */

/* Begin PBXProject section */
		5581B98C2B5B3FC90011FA95 /* Project object */ = {
			isa = PBXProject;
			attributes = {
				BuildIndependentTargetsInParallel = 1;
				LastSwiftUpdateCheck = 1500;
				LastUpgradeCheck = 1500;
				TargetAttributes = {
					5581B9932B5B3FC90011FA95 = {
						CreatedOnToolsVersion = 15.0;
					};
					5581B9A32B5B3FCB0011FA95 = {
						CreatedOnToolsVersion = 15.0;
						TestTargetID = 5581B9932B5B3FC90011FA95;
					};
					5581B9AD2B5B3FCB0011FA95 = {
						CreatedOnToolsVersion = 15.0;
						TestTargetID = 5581B9932B5B3FC90011FA95;
					};
				};
			};
			buildConfigurationList = 5581B98F2B5B3FC90011FA95 /* Build configuration list for PBXProject "KeychainExample" */;
			compatibilityVersion = "Xcode 14.0";
			developmentRegion = en;
			hasScannedForEncodings = 0;
			knownRegions = (
				en,
				Base,
			);
			mainGroup = 5581B98B2B5B3FC90011FA95;
			productRefGroup = 5581B9952B5B3FC90011FA95 /* Products */;
			projectDirPath = "";
			projectRoot = "";
			targets = (
				5581B9932B5B3FC90011FA95 /* KeychainExample */,
				5581B9A32B5B3FCB0011FA95 /* KeychainExampleTests */,
				5581B9AD2B5B3FCB0011FA95 /* KeychainExampleUITests */,
			);
		};
/* End PBXProject section */

/* Begin PBXResourcesBuildPhase section */
		5581B9922B5B3FC90011FA95 /* Resources */ = {
			isa = PBXResourcesBuildPhase;
			buildActionMask = 2147483647;
			files = (
				5581B99F2B5B3FCB0011FA95 /* Preview Assets.xcassets in Resources */,
				5581B99C2B5B3FCB0011FA95 /* Assets.xcassets in Resources */,
			);
			runOnlyForDeploymentPostprocessing = 0;
		};
		5581B9A22B5B3FCB0011FA95 /* Resources */ = {
			isa = PBXResourcesBuildPhase;
			buildActionMask = 2147483647;
			files = (
			);
			runOnlyForDeploymentPostprocessing = 0;
		};
		5581B9AC2B5B3FCB0011FA95 /* Resources */ = {
			isa = PBXResourcesBuildPhase;
			buildActionMask = 2147483647;
			files = (
			);
			runOnlyForDeploymentPostprocessing = 0;
		};
/* End PBXResourcesBuildPhase section */

/* Begin PBXSourcesBuildPhase section */
		5581B9902B5B3FC90011FA95 /* Sources */ = {
			isa = PBXSourcesBuildPhase;
			buildActionMask = 2147483647;
			files = (
				5581B99A2B5B3FC90011FA95 /* ContentView.swift in Sources */,
				5581B9982B5B3FC90011FA95 /* KeychainExampleApp.swift in Sources */,
				5581B9C22B5B3FEF0011FA95 /* KeychainService.swift in Sources */,
			);
			runOnlyForDeploymentPostprocessing = 0;
		};
		5581B9A02B5B3FCB0011FA95 /* Sources */ = {
			isa = PBXSourcesBuildPhase;
			buildActionMask = 2147483647;
			files = (
				5581B9A92B5B3FCB0011FA95 /* KeychainExampleTests.swift in Sources */,
			);
			runOnlyForDeploymentPostprocessing = 0;
		};
		5581B9AA2B5B3FCB0011FA95 /* Sources */ = {
			isa = PBXSourcesBuildPhase;
			buildActionMask = 2147483647;
			files = (
				5581B9B32B5B3FCB0011FA95 /* KeychainExampleUITests.swift in Sources */,
				5581B9B52B5B3FCB0011FA95 /* KeychainExampleUITestsLaunchTests.swift in Sources */,
			);
			runOnlyForDeploymentPostprocessing = 0;
		};
/* End PBXSourcesBuildPhase section */

/* Begin PBXTargetDependency section */
		5581B9A62B5B3FCB0011FA95 /* PBXTargetDependency */ = {
			isa = PBXTargetDependency;
			target = 5581B9932B5B3FC90011FA95 /* KeychainExample */;
			targetProxy = 5581B9A52B5B3FCB0011FA95 /* PBXContainerItemProxy */;
		};
		5581B9B02B5B3FCB0011FA95 /* PBXTargetDependency */ = {
			isa = PBXTargetDependency;
			target = 5581B9932B5B3FC90011FA95 /* KeychainExample */;
			targetProxy = 5581B9AF2B5B3FCB0011FA95 /* PBXContainerItemProxy */;
		};
/* End PBXTargetDependency section */

/* Begin XCBuildConfiguration section */
		5581B9B62B5B3FCB0011FA95 /* Debug */ = {
			isa = XCBuildConfiguration;
			buildSettings = {
				ALWAYS_SEARCH_USER_PATHS = NO;
				ASSETCATALOG_COMPILER_GENERATE_SWIFT_ASSET_SYMBOL_EXTENSIONS = YES;
				CLANG_ANALYZER_NONNULL = YES;
				CLANG_ANALYZER_NUMBER_OBJECT_CONVERSION = YES_AGGRESSIVE;
				CLANG_CXX_LANGUAGE_STANDARD = "gnu++20";
				CLANG_ENABLE_MODULES = YES;
				CLANG_ENABLE_OBJC_ARC = YES;
				CLANG_ENABLE_OBJC_WEAK = YES;
				CLANG_WARN_BLOCK_CAPTURE_AUTORELEASING = YES;
				CLANG_WARN_BOOL_CONVERSION = YES;
				CLANG_WARN_COMMA = YES;
				CLANG_WARN_CONSTANT_CONVERSION = YES;
				CLANG_WARN_DEPRECATED_OBJC_IMPLEMENTATIONS = YES;
				CLANG_WARN_DIRECT_OBJC_ISA_USAGE = YES_ERROR;
				CLANG_WARN_DOCUMENTATION_COMMENTS = YES;
				CLANG_WARN_EMPTY_BODY = YES;
				CLANG_WARN_ENUM_CONVERSION = YES;
				CLANG_WARN_INFINITE_RECURSION = YES;
				CLANG_WARN_INT_CONVERSION = YES;
				CLANG_WARN_NON_LITERAL_NULL_CONVERSION = YES;
				CLANG_WARN_OBJC_IMPLICIT_RETAIN_SELF = YES;
				CLANG_WARN_OBJC_LITERAL_CONVERSION = YES;
				CLANG_WARN_OBJC_ROOT_CLASS = YES_ERROR;
				CLANG_WARN_QUOTED_INCLUDE_IN_FRAMEWORK_HEADER = YES;
				CLANG_WARN_RANGE_LOOP_ANALYSIS = YES;
				CLANG_WARN_STRICT_PROTOTYPES = YES;
				CLANG_WARN_SUSPICIOUS_MOVE = YES;
				CLANG_WARN_UNGUARDED_AVAILABILITY = YES_AGGRESSIVE;
				CLANG_WARN_UNREACHABLE_CODE = YES;
				CLANG_WARN__DUPLICATE_METHOD_MATCH = YES;
				COPY_PHASE_STRIP = NO;
				DEBUG_INFORMATION_FORMAT = dwarf;
				ENABLE_STRICT_OBJC_MSGSEND = YES;
				ENABLE_TESTABILITY = YES;
				ENABLE_USER_SCRIPT_SANDBOXING = YES;
				GCC_C_LANGUAGE_STANDARD = gnu17;
				GCC_DYNAMIC_NO_PIC = NO;
				GCC_NO_COMMON_BLOCKS = YES;
				GCC_OPTIMIZATION_LEVEL = 0;
				GCC_PREPROCESSOR_DEFINITIONS = (
					"DEBUG=1",
					"$(inherited)",
				);
				GCC_WARN_64_TO_32_BIT_CONVERSION = YES;
				GCC_WARN_ABOUT_RETURN_TYPE = YES_ERROR;
				GCC_WARN_UNDECLARED_SELECTOR = YES;
				GCC_WARN_UNINITIALIZED_AUTOS = YES_AGGRESSIVE;
				GCC_WARN_UNUSED_FUNCTION = YES;
				GCC_WARN_UNUSED_VARIABLE = YES;
				IPHONEOS_DEPLOYMENT_TARGET = 17.0;
				LOCALIZATION_PREFERS_STRING_CATALOGS = YES;
				MTL_ENABLE_DEBUG_INFO = INCLUDE_SOURCE;
				MTL_FAST_MATH = YES;
				ONLY_ACTIVE_ARCH = YES;
				SDKROOT = iphoneos;
				SWIFT_ACTIVE_COMPILATION_CONDITIONS = "DEBUG $(inherited)";
				SWIFT_OPTIMIZATION_LEVEL = "-Onone";
			};
			name = Debug;
		};
		5581B9B72B5B3FCB0011FA95 /* Release */ = {
			isa = XCBuildConfiguration;
			buildSettings = {
				ALWAYS_SEARCH_USER_PATHS = NO;
				ASSETCATALOG_COMPILER_GENERATE_SWIFT_ASSET_SYMBOL_EXTENSIONS = YES;
				CLANG_ANALYZER_NONNULL = YES;
				CLANG_ANALYZER_NUMBER_OBJECT_CONVERSION = YES_AGGRESSIVE;
				CLANG_CXX_LANGUAGE_STANDARD = "gnu++20";
				CLANG_ENABLE_MODULES = YES;
				CLANG_ENABLE_OBJC_ARC = YES;
				CLANG_ENABLE_OBJC_WEAK = YES;
				CLANG_WARN_BLOCK_CAPTURE_AUTORELEASING = YES;
				CLANG_WARN_BOOL_CONVERSION = YES;
				CLANG_WARN_COMMA = YES;
				CLANG_WARN_CONSTANT_CONVERSION = YES;
				CLANG_WARN_DEPRECATED_OBJC_IMPLEMENTATIONS = YES;
				CLANG_WARN_DIRECT_OBJC_ISA_USAGE = YES_ERROR;
				CLANG_WARN_DOCUMENTATION_COMMENTS = YES;
				CLANG_WARN_EMPTY_BODY = YES;
				CLANG_WARN_ENUM_CONVERSION = YES;
				CLANG_WARN_INFINITE_RECURSION = YES;
				CLANG_WARN_INT_CONVERSION = YES;
				CLANG_WARN_NON_LITERAL_NULL_CONVERSION = YES;
				CLANG_WARN_OBJC_IMPLICIT_RETAIN_SELF = YES;
				CLANG_WARN_OBJC_LITERAL_CONVERSION = YES;
				CLANG_WARN_OBJC_ROOT_CLASS = YES_ERROR;
				CLANG_WARN_QUOTED_INCLUDE_IN_FRAMEWORK_HEADER = YES;
				CLANG_WARN_RANGE_LOOP_ANALYSIS = YES;
				CLANG_WARN_STRICT_PROTOTYPES = YES;
				CLANG_WARN_SUSPICIOUS_MOVE = YES;
				CLANG_WARN_UNGUARDED_AVAILABILITY = YES_AGGRESSIVE;
				CLANG_WARN_UNREACHABLE_CODE = YES;
				CLANG_WARN__DUPLICATE_METHOD_MATCH = YES;
				COPY_PHASE_STRIP = NO;
				DEBUG_INFORMATION_FORMAT = "dwarf-with-dsym";
				ENABLE_NS_ASSERTIONS = NO;
				ENABLE_STRICT_OBJC_MSGSEND = YES;
				ENABLE_USER_SCRIPT_SANDBOXING = YES;
				GCC_C_LANGUAGE_STANDARD = gnu17;
				GCC_NO_COMMON_BLOCKS = YES;
				GCC_WARN_64_TO_32_BIT_CONVERSION = YES;
				GCC_WARN_ABOUT_RETURN_TYPE = YES_ERROR;
				GCC_WARN_UNDECLARED_SELECTOR = YES;
				GCC_WARN_UNINITIALIZED_AUTOS = YES_AGGRESSIVE;
				GCC_WARN_UNUSED_FUNCTION = YES;
				GCC_WARN_UNUSED_VARIABLE = YES;
				IPHONEOS_DEPLOYMENT_TARGET = 17.0;
				LOCALIZATION_PREFERS_STRING_CATALOGS = YES;
				MTL_ENABLE_DEBUG_INFO = NO;
				MTL_FAST_MATH = YES;
				SDKROOT = iphoneos;
				SWIFT_COMPILATION_MODE = wholemodule;
				VALIDATE_PRODUCT = YES;
			};
			name = Release;
		};
		5581B9B92B5B3FCB0011FA95 /* Debug */ = {
			isa = XCBuildConfiguration;
			buildSettings = {
				ASSETCATALOG_COMPILER_APPICON_NAME = AppIcon;
				ASSETCATALOG_COMPILER_GLOBAL_ACCENT_COLOR_NAME = AccentColor;
				CODE_SIGN_STYLE = Automatic;
				CURRENT_PROJECT_VERSION = 1;
				DEVELOPMENT_ASSET_PATHS = "\"KeychainExample/Preview Content\"";
				ENABLE_PREVIEWS = YES;
				GENERATE_INFOPLIST_FILE = YES;
				INFOPLIST_KEY_UIApplicationSceneManifest_Generation = YES;
				INFOPLIST_KEY_UIApplicationSupportsIndirectInputEvents = YES;
				INFOPLIST_KEY_UILaunchScreen_Generation = YES;
				INFOPLIST_KEY_UISupportedInterfaceOrientations_iPad = "UIInterfaceOrientationPortrait UIInterfaceOrientationPortraitUpsideDown UIInterfaceOrientationLandscapeLeft UIInterfaceOrientationLandscapeRight";
				INFOPLIST_KEY_UISupportedInterfaceOrientations_iPhone = "UIInterfaceOrientationPortrait UIInterfaceOrientationLandscapeLeft UIInterfaceOrientationLandscapeRight";
				LD_RUNPATH_SEARCH_PATHS = (
					"$(inherited)",
					"@executable_path/Frameworks",
				);
				MARKETING_VERSION = 1.0;
				PRODUCT_BUNDLE_IDENTIFIER = uriel.soubran.KeychainExample;
				PRODUCT_NAME = "$(TARGET_NAME)";
				SWIFT_EMIT_LOC_STRINGS = YES;
				SWIFT_VERSION = 5.0;
				TARGETED_DEVICE_FAMILY = "1,2";
			};
			name = Debug;
		};
		5581B9BA2B5B3FCB0011FA95 /* Release */ = {
			isa = XCBuildConfiguration;
			buildSettings = {
				ASSETCATALOG_COMPILER_APPICON_NAME = AppIcon;
				ASSETCATALOG_COMPILER_GLOBAL_ACCENT_COLOR_NAME = AccentColor;
				CODE_SIGN_STYLE = Automatic;
				CURRENT_PROJECT_VERSION = 1;
				DEVELOPMENT_ASSET_PATHS = "\"KeychainExample/Preview Content\"";
				ENABLE_PREVIEWS = YES;
				GENERATE_INFOPLIST_FILE = YES;
				INFOPLIST_KEY_UIApplicationSceneManifest_Generation = YES;
				INFOPLIST_KEY_UIApplicationSupportsIndirectInputEvents = YES;
				INFOPLIST_KEY_UILaunchScreen_Generation = YES;
				INFOPLIST_KEY_UISupportedInterfaceOrientations_iPad = "UIInterfaceOrientationPortrait UIInterfaceOrientationPortraitUpsideDown UIInterfaceOrientationLandscapeLeft UIInterfaceOrientationLandscapeRight";
				INFOPLIST_KEY_UISupportedInterfaceOrientations_iPhone = "UIInterfaceOrientationPortrait UIInterfaceOrientationLandscapeLeft UIInterfaceOrientationLandscapeRight";
				LD_RUNPATH_SEARCH_PATHS = (
					"$(inherited)",
					"@executable_path/Frameworks",
				);
				MARKETING_VERSION = 1.0;
				PRODUCT_BUNDLE_IDENTIFIER = uriel.soubran.KeychainExample;
				PRODUCT_NAME = "$(TARGET_NAME)";
				SWIFT_EMIT_LOC_STRINGS = YES;
				SWIFT_VERSION = 5.0;
				TARGETED_DEVICE_FAMILY = "1,2";
			};
			name = Release;
		};
		5581B9BC2B5B3FCB0011FA95 /* Debug */ = {
			isa = XCBuildConfiguration;
			buildSettings = {
				ALWAYS_EMBED_SWIFT_STANDARD_LIBRARIES = YES;
				BUNDLE_LOADER = "$(TEST_HOST)";
				CODE_SIGN_STYLE = Automatic;
				CURRENT_PROJECT_VERSION = 1;
				GENERATE_INFOPLIST_FILE = YES;
				IPHONEOS_DEPLOYMENT_TARGET = 17.0;
				MARKETING_VERSION = 1.0;
				PRODUCT_BUNDLE_IDENTIFIER = uriel.soubran.KeychainExampleTests;
				PRODUCT_NAME = "$(TARGET_NAME)";
				SWIFT_EMIT_LOC_STRINGS = NO;
				SWIFT_VERSION = 5.0;
				TARGETED_DEVICE_FAMILY = "1,2";
				TEST_HOST = "$(BUILT_PRODUCTS_DIR)/KeychainExample.app/$(BUNDLE_EXECUTABLE_FOLDER_PATH)/KeychainExample";
			};
			name = Debug;
		};
		5581B9BD2B5B3FCB0011FA95 /* Release */ = {
			isa = XCBuildConfiguration;
			buildSettings = {
				ALWAYS_EMBED_SWIFT_STANDARD_LIBRARIES = YES;
				BUNDLE_LOADER = "$(TEST_HOST)";
				CODE_SIGN_STYLE = Automatic;
				CURRENT_PROJECT_VERSION = 1;
				GENERATE_INFOPLIST_FILE = YES;
				IPHONEOS_DEPLOYMENT_TARGET = 17.0;
				MARKETING_VERSION = 1.0;
				PRODUCT_BUNDLE_IDENTIFIER = uriel.soubran.KeychainExampleTests;
				PRODUCT_NAME = "$(TARGET_NAME)";
				SWIFT_EMIT_LOC_STRINGS = NO;
				SWIFT_VERSION = 5.0;
				TARGETED_DEVICE_FAMILY = "1,2";
				TEST_HOST = "$(BUILT_PRODUCTS_DIR)/KeychainExample.app/$(BUNDLE_EXECUTABLE_FOLDER_PATH)/KeychainExample";
			};
			name = Release;
		};
		5581B9BF2B5B3FCB0011FA95 /* Debug */ = {
			isa = XCBuildConfiguration;
			buildSettings = {
				ALWAYS_EMBED_SWIFT_STANDARD_LIBRARIES = YES;
				CODE_SIGN_STYLE = Automatic;
				CURRENT_PROJECT_VERSION = 1;
				GENERATE_INFOPLIST_FILE = YES;
				MARKETING_VERSION = 1.0;
				PRODUCT_BUNDLE_IDENTIFIER = uriel.soubran.KeychainExampleUITests;
				PRODUCT_NAME = "$(TARGET_NAME)";
				SWIFT_EMIT_LOC_STRINGS = NO;
				SWIFT_VERSION = 5.0;
				TARGETED_DEVICE_FAMILY = "1,2";
				TEST_TARGET_NAME = KeychainExample;
			};
			name = Debug;
		};
		5581B9C02B5B3FCB0011FA95 /* Release */ = {
			isa = XCBuildConfiguration;
			buildSettings = {
				ALWAYS_EMBED_SWIFT_STANDARD_LIBRARIES = YES;
				CODE_SIGN_STYLE = Automatic;
				CURRENT_PROJECT_VERSION = 1;
				GENERATE_INFOPLIST_FILE = YES;
				MARKETING_VERSION = 1.0;
				PRODUCT_BUNDLE_IDENTIFIER = uriel.soubran.KeychainExampleUITests;
				PRODUCT_NAME = "$(TARGET_NAME)";
				SWIFT_EMIT_LOC_STRINGS = NO;
				SWIFT_VERSION = 5.0;
				TARGETED_DEVICE_FAMILY = "1,2";
				TEST_TARGET_NAME = KeychainExample;
			};
			name = Release;
		};
/* End XCBuildConfiguration section */

/* Begin XCConfigurationList section */
		5581B98F2B5B3FC90011FA95 /* Build configuration list for PBXProject "KeychainExample" */ = {
			isa = XCConfigurationList;
			buildConfigurations = (
				5581B9B62B5B3FCB0011FA95 /* Debug */,
				5581B9B72B5B3FCB0011FA95 /* Release */,
			);
			defaultConfigurationIsVisible = 0;
			defaultConfigurationName = Release;
		};
		5581B9B82B5B3FCB0011FA95 /* Build configuration list for PBXNativeTarget "KeychainExample" */ = {
			isa = XCConfigurationList;
			buildConfigurations = (
				5581B9B92B5B3FCB0011FA95 /* Debug */,
				5581B9BA2B5B3FCB0011FA95 /* Release */,
			);
			defaultConfigurationIsVisible = 0;
			defaultConfigurationName = Release;
		};
		5581B9BB2B5B3FCB0011FA95 /* Build configuration list for PBXNativeTarget "KeychainExampleTests" */ = {
			isa = XCConfigurationList;
			buildConfigurations = (
				5581B9BC2B5B3FCB0011FA95 /* Debug */,
				5581B9BD2B5B3FCB0011FA95 /* Release */,
			);
			defaultConfigurationIsVisible = 0;
			defaultConfigurationName = Release;
		};
		5581B9BE2B5B3FCB0011FA95 /* Build configuration list for PBXNativeTarget "KeychainExampleUITests" */ = {
			isa = XCConfigurationList;
			buildConfigurations = (
				5581B9BF2B5B3FCB0011FA95 /* Debug */,
				5581B9C02B5B3FCB0011FA95 /* Release */,
			);
			defaultConfigurationIsVisible = 0;
			defaultConfigurationName = Release;
		};
/* End XCConfigurationList section */
	};
	rootObject = 5581B98C2B5B3FC90011FA95 /* Project object */;
}
