// !$*UTF8*$!
{
	archiveVersion = 1;
	classes = {
	};
	objectVersion = 56;
	objects = {

/* Begin PBXBuildFile section */
		55F975C52AF5B0F00025DD32 /* AppDelegate.swift in Sources */ = {isa = PBXBuildFile; fileRef = 55F975C42AF5B0F00025DD32 /* AppDelegate.swift */; };
		55F975C72AF5B0F00025DD32 /* SceneDelegate.swift in Sources */ = {isa = PBXBuildFile; fileRef = 55F975C62AF5B0F00025DD32 /* SceneDelegate.swift */; };
		55F975C92AF5B0F00025DD32 /* ViewController.swift in Sources */ = {isa = PBXBuildFile; fileRef = 55F975C82AF5B0F00025DD32 /* ViewController.swift */; };
		55F975CC2AF5B0F00025DD32 /* Main.storyboard in Resources */ = {isa = PBXBuildFile; fileRef = 55F975CA2AF5B0F00025DD32 /* Main.storyboard */; };
		55F975CE2AF5B0F10025DD32 /* Assets.xcassets in Resources */ = {isa = PBXBuildFile; fileRef = 55F975CD2AF5B0F10025DD32 /* Assets.xcassets */; };
		55F975D12AF5B0F10025DD32 /* LaunchScreen.storyboard in Resources */ = {isa = PBXBuildFile; fileRef = 55F975CF2AF5B0F10025DD32 /* LaunchScreen.storyboard */; };
		55F975DC2AF5B0F10025DD32 /* SearchBarTests.swift in Sources */ = {isa = PBXBuildFile; fileRef = 55F975DB2AF5B0F10025DD32 /* SearchBarTests.swift */; };
		55F975E62AF5B0F10025DD32 /* SearchBarUITests.swift in Sources */ = {isa = PBXBuildFile; fileRef = 55F975E52AF5B0F10025DD32 /* SearchBarUITests.swift */; };
		55F975E82AF5B0F10025DD32 /* SearchBarUITestsLaunchTests.swift in Sources */ = {isa = PBXBuildFile; fileRef = 55F975E72AF5B0F10025DD32 /* SearchBarUITestsLaunchTests.swift */; };
/* End PBXBuildFile section */

/* Begin PBXContainerItemProxy section */
		55F975D82AF5B0F10025DD32 /* PBXContainerItemProxy */ = {
			isa = PBXContainerItemProxy;
			containerPortal = 55F975B92AF5B0F00025DD32 /* Project object */;
			proxyType = 1;
			remoteGlobalIDString = 55F975C02AF5B0F00025DD32;
			remoteInfo = SearchBar;
		};
		55F975E22AF5B0F10025DD32 /* PBXContainerItemProxy */ = {
			isa = PBXContainerItemProxy;
			containerPortal = 55F975B92AF5B0F00025DD32 /* Project object */;
			proxyType = 1;
			remoteGlobalIDString = 55F975C02AF5B0F00025DD32;
			remoteInfo = SearchBar;
		};
/* End PBXContainerItemProxy section */

/* Begin PBXFileReference section */
		55F975C12AF5B0F00025DD32 /* SearchBar.app */ = {isa = PBXFileReference; explicitFileType = wrapper.application; includeInIndex = 0; path = SearchBar.app; sourceTree = BUILT_PRODUCTS_DIR; };
		55F975C42AF5B0F00025DD32 /* AppDelegate.swift */ = {isa = PBXFileReference; lastKnownFileType = sourcecode.swift; path = AppDelegate.swift; sourceTree = "<group>"; };
		55F975C62AF5B0F00025DD32 /* SceneDelegate.swift */ = {isa = PBXFileReference; lastKnownFileType = sourcecode.swift; path = SceneDelegate.swift; sourceTree = "<group>"; };
		55F975C82AF5B0F00025DD32 /* ViewController.swift */ = {isa = PBXFileReference; lastKnownFileType = sourcecode.swift; path = ViewController.swift; sourceTree = "<group>"; };
		55F975CB2AF5B0F00025DD32 /* Base */ = {isa = PBXFileReference; lastKnownFileType = file.storyboard; name = Base; path = Base.lproj/Main.storyboard; sourceTree = "<group>"; };
		55F975CD2AF5B0F10025DD32 /* Assets.xcassets */ = {isa = PBXFileReference; lastKnownFileType = folder.assetcatalog; path = Assets.xcassets; sourceTree = "<group>"; };
		55F975D02AF5B0F10025DD32 /* Base */ = {isa = PBXFileReference; lastKnownFileType = file.storyboard; name = Base; path = Base.lproj/LaunchScreen.storyboard; sourceTree = "<group>"; };
		55F975D22AF5B0F10025DD32 /* Info.plist */ = {isa = PBXFileReference; lastKnownFileType = text.plist.xml; path = Info.plist; sourceTree = "<group>"; };
		55F975D72AF5B0F10025DD32 /* SearchBarTests.xctest */ = {isa = PBXFileReference; explicitFileType = wrapper.cfbundle; includeInIndex = 0; path = SearchBarTests.xctest; sourceTree = BUILT_PRODUCTS_DIR; };
		55F975DB2AF5B0F10025DD32 /* SearchBarTests.swift */ = {isa = PBXFileReference; lastKnownFileType = sourcecode.swift; path = SearchBarTests.swift; sourceTree = "<group>"; };
		55F975E12AF5B0F10025DD32 /* SearchBarUITests.xctest */ = {isa = PBXFileReference; explicitFileType = wrapper.cfbundle; includeInIndex = 0; path = SearchBarUITests.xctest; sourceTree = BUILT_PRODUCTS_DIR; };
		55F975E52AF5B0F10025DD32 /* SearchBarUITests.swift */ = {isa = PBXFileReference; lastKnownFileType = sourcecode.swift; path = SearchBarUITests.swift; sourceTree = "<group>"; };
		55F975E72AF5B0F10025DD32 /* SearchBarUITestsLaunchTests.swift */ = {isa = PBXFileReference; lastKnownFileType = sourcecode.swift; path = SearchBarUITestsLaunchTests.swift; sourceTree = "<group>"; };
/* End PBXFileReference section */

/* Begin PBXFrameworksBuildPhase section */
		55F975BE2AF5B0F00025DD32 /* Frameworks */ = {
			isa = PBXFrameworksBuildPhase;
			buildActionMask = 2147483647;
			files = (
			);
			runOnlyForDeploymentPostprocessing = 0;
		};
		55F975D42AF5B0F10025DD32 /* Frameworks */ = {
			isa = PBXFrameworksBuildPhase;
			buildActionMask = 2147483647;
			files = (
			);
			runOnlyForDeploymentPostprocessing = 0;
		};
		55F975DE2AF5B0F10025DD32 /* Frameworks */ = {
			isa = PBXFrameworksBuildPhase;
			buildActionMask = 2147483647;
			files = (
			);
			runOnlyForDeploymentPostprocessing = 0;
		};
/* End PBXFrameworksBuildPhase section */

/* Begin PBXGroup section */
		55F975B82AF5B0F00025DD32 = {
			isa = PBXGroup;
			children = (
				55F975C32AF5B0F00025DD32 /* SearchBar */,
				55F975DA2AF5B0F10025DD32 /* SearchBarTests */,
				55F975E42AF5B0F10025DD32 /* SearchBarUITests */,
				55F975C22AF5B0F00025DD32 /* Products */,
			);
			sourceTree = "<group>";
		};
		55F975C22AF5B0F00025DD32 /* Products */ = {
			isa = PBXGroup;
			children = (
				55F975C12AF5B0F00025DD32 /* SearchBar.app */,
				55F975D72AF5B0F10025DD32 /* SearchBarTests.xctest */,
				55F975E12AF5B0F10025DD32 /* SearchBarUITests.xctest */,
			);
			name = Products;
			sourceTree = "<group>";
		};
		55F975C32AF5B0F00025DD32 /* SearchBar */ = {
			isa = PBXGroup;
			children = (
				55F975C42AF5B0F00025DD32 /* AppDelegate.swift */,
				55F975C62AF5B0F00025DD32 /* SceneDelegate.swift */,
				55F975C82AF5B0F00025DD32 /* ViewController.swift */,
				55F975CA2AF5B0F00025DD32 /* Main.storyboard */,
				55F975CD2AF5B0F10025DD32 /* Assets.xcassets */,
				55F975CF2AF5B0F10025DD32 /* LaunchScreen.storyboard */,
				55F975D22AF5B0F10025DD32 /* Info.plist */,
			);
			path = SearchBar;
			sourceTree = "<group>";
		};
		55F975DA2AF5B0F10025DD32 /* SearchBarTests */ = {
			isa = PBXGroup;
			children = (
				55F975DB2AF5B0F10025DD32 /* SearchBarTests.swift */,
			);
			path = SearchBarTests;
			sourceTree = "<group>";
		};
		55F975E42AF5B0F10025DD32 /* SearchBarUITests */ = {
			isa = PBXGroup;
			children = (
				55F975E52AF5B0F10025DD32 /* SearchBarUITests.swift */,
				55F975E72AF5B0F10025DD32 /* SearchBarUITestsLaunchTests.swift */,
			);
			path = SearchBarUITests;
			sourceTree = "<group>";
		};
/* End PBXGroup section */

/* Begin PBXNativeTarget section */
		55F975C02AF5B0F00025DD32 /* SearchBar */ = {
			isa = PBXNativeTarget;
			buildConfigurationList = 55F975EB2AF5B0F10025DD32 /* Build configuration list for PBXNativeTarget "SearchBar" */;
			buildPhases = (
				55F975BD2AF5B0F00025DD32 /* Sources */,
				55F975BE2AF5B0F00025DD32 /* Frameworks */,
				55F975BF2AF5B0F00025DD32 /* Resources */,
			);
			buildRules = (
			);
			dependencies = (
			);
			name = SearchBar;
			productName = SearchBar;
			productReference = 55F975C12AF5B0F00025DD32 /* SearchBar.app */;
			productType = "com.apple.product-type.application";
		};
		55F975D62AF5B0F10025DD32 /* SearchBarTests */ = {
			isa = PBXNativeTarget;
			buildConfigurationList = 55F975EE2AF5B0F10025DD32 /* Build configuration list for PBXNativeTarget "SearchBarTests" */;
			buildPhases = (
				55F975D32AF5B0F10025DD32 /* Sources */,
				55F975D42AF5B0F10025DD32 /* Frameworks */,
				55F975D52AF5B0F10025DD32 /* Resources */,
			);
			buildRules = (
			);
			dependencies = (
				55F975D92AF5B0F10025DD32 /* PBXTargetDependency */,
			);
			name = SearchBarTests;
			productName = SearchBarTests;
			productReference = 55F975D72AF5B0F10025DD32 /* SearchBarTests.xctest */;
			productType = "com.apple.product-type.bundle.unit-test";
		};
		55F975E02AF5B0F10025DD32 /* SearchBarUITests */ = {
			isa = PBXNativeTarget;
			buildConfigurationList = 55F975F12AF5B0F10025DD32 /* Build configuration list for PBXNativeTarget "SearchBarUITests" */;
			buildPhases = (
				55F975DD2AF5B0F10025DD32 /* Sources */,
				55F975DE2AF5B0F10025DD32 /* Frameworks */,
				55F975DF2AF5B0F10025DD32 /* Resources */,
			);
			buildRules = (
			);
			dependencies = (
				55F975E32AF5B0F10025DD32 /* PBXTargetDependency */,
			);
			name = SearchBarUITests;
			productName = SearchBarUITests;
			productReference = 55F975E12AF5B0F10025DD32 /* SearchBarUITests.xctest */;
			productType = "com.apple.product-type.bundle.ui-testing";
		};
/* End PBXNativeTarget section */

/* Begin PBXProject section */
		55F975B92AF5B0F00025DD32 /* Project object */ = {
			isa = PBXProject;
			attributes = {
				BuildIndependentTargetsInParallel = 1;
				LastSwiftUpdateCheck = 1500;
				LastUpgradeCheck = 1500;
				TargetAttributes = {
					55F975C02AF5B0F00025DD32 = {
						CreatedOnToolsVersion = 15.0;
					};
					55F975D62AF5B0F10025DD32 = {
						CreatedOnToolsVersion = 15.0;
						TestTargetID = 55F975C02AF5B0F00025DD32;
					};
					55F975E02AF5B0F10025DD32 = {
						CreatedOnToolsVersion = 15.0;
						TestTargetID = 55F975C02AF5B0F00025DD32;
					};
				};
			};
			buildConfigurationList = 55F975BC2AF5B0F00025DD32 /* Build configuration list for PBXProject "SearchBar" */;
			compatibilityVersion = "Xcode 14.0";
			developmentRegion = en;
			hasScannedForEncodings = 0;
			knownRegions = (
				en,
				Base,
			);
			mainGroup = 55F975B82AF5B0F00025DD32;
			productRefGroup = 55F975C22AF5B0F00025DD32 /* Products */;
			projectDirPath = "";
			projectRoot = "";
			targets = (
				55F975C02AF5B0F00025DD32 /* SearchBar */,
				55F975D62AF5B0F10025DD32 /* SearchBarTests */,
				55F975E02AF5B0F10025DD32 /* SearchBarUITests */,
			);
		};
/* End PBXProject section */

/* Begin PBXResourcesBuildPhase section */
		55F975BF2AF5B0F00025DD32 /* Resources */ = {
			isa = PBXResourcesBuildPhase;
			buildActionMask = 2147483647;
			files = (
				55F975D12AF5B0F10025DD32 /* LaunchScreen.storyboard in Resources */,
				55F975CE2AF5B0F10025DD32 /* Assets.xcassets in Resources */,
				55F975CC2AF5B0F00025DD32 /* Main.storyboard in Resources */,
			);
			runOnlyForDeploymentPostprocessing = 0;
		};
		55F975D52AF5B0F10025DD32 /* Resources */ = {
			isa = PBXResourcesBuildPhase;
			buildActionMask = 2147483647;
			files = (
			);
			runOnlyForDeploymentPostprocessing = 0;
		};
		55F975DF2AF5B0F10025DD32 /* Resources */ = {
			isa = PBXResourcesBuildPhase;
			buildActionMask = 2147483647;
			files = (
			);
			runOnlyForDeploymentPostprocessing = 0;
		};
/* End PBXResourcesBuildPhase section */

/* Begin PBXSourcesBuildPhase section */
		55F975BD2AF5B0F00025DD32 /* Sources */ = {
			isa = PBXSourcesBuildPhase;
			buildActionMask = 2147483647;
			files = (
				55F975C92AF5B0F00025DD32 /* ViewController.swift in Sources */,
				55F975C52AF5B0F00025DD32 /* AppDelegate.swift in Sources */,
				55F975C72AF5B0F00025DD32 /* SceneDelegate.swift in Sources */,
			);
			runOnlyForDeploymentPostprocessing = 0;
		};
		55F975D32AF5B0F10025DD32 /* Sources */ = {
			isa = PBXSourcesBuildPhase;
			buildActionMask = 2147483647;
			files = (
				55F975DC2AF5B0F10025DD32 /* SearchBarTests.swift in Sources */,
			);
			runOnlyForDeploymentPostprocessing = 0;
		};
		55F975DD2AF5B0F10025DD32 /* Sources */ = {
			isa = PBXSourcesBuildPhase;
			buildActionMask = 2147483647;
			files = (
				55F975E82AF5B0F10025DD32 /* SearchBarUITestsLaunchTests.swift in Sources */,
				55F975E62AF5B0F10025DD32 /* SearchBarUITests.swift in Sources */,
			);
			runOnlyForDeploymentPostprocessing = 0;
		};
/* End PBXSourcesBuildPhase section */

/* Begin PBXTargetDependency section */
		55F975D92AF5B0F10025DD32 /* PBXTargetDependency */ = {
			isa = PBXTargetDependency;
			target = 55F975C02AF5B0F00025DD32 /* SearchBar */;
			targetProxy = 55F975D82AF5B0F10025DD32 /* PBXContainerItemProxy */;
		};
		55F975E32AF5B0F10025DD32 /* PBXTargetDependency */ = {
			isa = PBXTargetDependency;
			target = 55F975C02AF5B0F00025DD32 /* SearchBar */;
			targetProxy = 55F975E22AF5B0F10025DD32 /* PBXContainerItemProxy */;
		};
/* End PBXTargetDependency section */

/* Begin PBXVariantGroup section */
		55F975CA2AF5B0F00025DD32 /* Main.storyboard */ = {
			isa = PBXVariantGroup;
			children = (
				55F975CB2AF5B0F00025DD32 /* Base */,
			);
			name = Main.storyboard;
			sourceTree = "<group>";
		};
		55F975CF2AF5B0F10025DD32 /* LaunchScreen.storyboard */ = {
			isa = PBXVariantGroup;
			children = (
				55F975D02AF5B0F10025DD32 /* Base */,
			);
			name = LaunchScreen.storyboard;
			sourceTree = "<group>";
		};
/* End PBXVariantGroup section */

/* Begin XCBuildConfiguration section */
		55F975E92AF5B0F10025DD32 /* Debug */ = {
			isa = XCBuildConfiguration;
			buildSettings = {
				ALWAYS_SEARCH_USER_PATHS = NO;
				ASSETCATALOG_COMPILER_GENERATE_SWIFT_ASSET_SYMBOL_EXTENSIONS = YES;
				CLANG_ANALYZER_NONNULL = YES;
				CLANG_ANALYZER_NUMBER_OBJECT_CONVERSION = YES_AGGRESSIVE;
				CLANG_CXX_LANGUAGE_STANDARD = "gnu++20";
				CLANG_ENABLE_MODULES = YES;
				CLANG_ENABLE_OBJC_ARC = YES;
				CLANG_ENABLE_OBJC_WEAK = YES;
				CLANG_WARN_BLOCK_CAPTURE_AUTORELEASING = YES;
				CLANG_WARN_BOOL_CONVERSION = YES;
				CLANG_WARN_COMMA = YES;
				CLANG_WARN_CONSTANT_CONVERSION = YES;
				CLANG_WARN_DEPRECATED_OBJC_IMPLEMENTATIONS = YES;
				CLANG_WARN_DIRECT_OBJC_ISA_USAGE = YES_ERROR;
				CLANG_WARN_DOCUMENTATION_COMMENTS = YES;
				CLANG_WARN_EMPTY_BODY = YES;
				CLANG_WARN_ENUM_CONVERSION = YES;
				CLANG_WARN_INFINITE_RECURSION = YES;
				CLANG_WARN_INT_CONVERSION = YES;
				CLANG_WARN_NON_LITERAL_NULL_CONVERSION = YES;
				CLANG_WARN_OBJC_IMPLICIT_RETAIN_SELF = YES;
				CLANG_WARN_OBJC_LITERAL_CONVERSION = YES;
				CLANG_WARN_OBJC_ROOT_CLASS = YES_ERROR;
				CLANG_WARN_QUOTED_INCLUDE_IN_FRAMEWORK_HEADER = YES;
				CLANG_WARN_RANGE_LOOP_ANALYSIS = YES;
				CLANG_WARN_STRICT_PROTOTYPES = YES;
				CLANG_WARN_SUSPICIOUS_MOVE = YES;
				CLANG_WARN_UNGUARDED_AVAILABILITY = YES_AGGRESSIVE;
				CLANG_WARN_UNREACHABLE_CODE = YES;
				CLANG_WARN__DUPLICATE_METHOD_MATCH = YES;
				COPY_PHASE_STRIP = NO;
				DEBUG_INFORMATION_FORMAT = dwarf;
				ENABLE_STRICT_OBJC_MSGSEND = YES;
				ENABLE_TESTABILITY = YES;
				ENABLE_USER_SCRIPT_SANDBOXING = YES;
				GCC_C_LANGUAGE_STANDARD = gnu17;
				GCC_DYNAMIC_NO_PIC = NO;
				GCC_NO_COMMON_BLOCKS = YES;
				GCC_OPTIMIZATION_LEVEL = 0;
				GCC_PREPROCESSOR_DEFINITIONS = (
					"DEBUG=1",
					"$(inherited)",
				);
				GCC_WARN_64_TO_32_BIT_CONVERSION = YES;
				GCC_WARN_ABOUT_RETURN_TYPE = YES_ERROR;
				GCC_WARN_UNDECLARED_SELECTOR = YES;
				GCC_WARN_UNINITIALIZED_AUTOS = YES_AGGRESSIVE;
				GCC_WARN_UNUSED_FUNCTION = YES;
				GCC_WARN_UNUSED_VARIABLE = YES;
				IPHONEOS_DEPLOYMENT_TARGET = 17.0;
				LOCALIZATION_PREFERS_STRING_CATALOGS = YES;
				MTL_ENABLE_DEBUG_INFO = INCLUDE_SOURCE;
				MTL_FAST_MATH = YES;
				ONLY_ACTIVE_ARCH = YES;
				SDKROOT = iphoneos;
				SWIFT_ACTIVE_COMPILATION_CONDITIONS = "DEBUG $(inherited)";
				SWIFT_OPTIMIZATION_LEVEL = "-Onone";
			};
			name = Debug;
		};
		55F975EA2AF5B0F10025DD32 /* Release */ = {
			isa = XCBuildConfiguration;
			buildSettings = {
				ALWAYS_SEARCH_USER_PATHS = NO;
				ASSETCATALOG_COMPILER_GENERATE_SWIFT_ASSET_SYMBOL_EXTENSIONS = YES;
				CLANG_ANALYZER_NONNULL = YES;
				CLANG_ANALYZER_NUMBER_OBJECT_CONVERSION = YES_AGGRESSIVE;
				CLANG_CXX_LANGUAGE_STANDARD = "gnu++20";
				CLANG_ENABLE_MODULES = YES;
				CLANG_ENABLE_OBJC_ARC = YES;
				CLANG_ENABLE_OBJC_WEAK = YES;
				CLANG_WARN_BLOCK_CAPTURE_AUTORELEASING = YES;
				CLANG_WARN_BOOL_CONVERSION = YES;
				CLANG_WARN_COMMA = YES;
				CLANG_WARN_CONSTANT_CONVERSION = YES;
				CLANG_WARN_DEPRECATED_OBJC_IMPLEMENTATIONS = YES;
				CLANG_WARN_DIRECT_OBJC_ISA_USAGE = YES_ERROR;
				CLANG_WARN_DOCUMENTATION_COMMENTS = YES;
				CLANG_WARN_EMPTY_BODY = YES;
				CLANG_WARN_ENUM_CONVERSION = YES;
				CLANG_WARN_INFINITE_RECURSION = YES;
				CLANG_WARN_INT_CONVERSION = YES;
				CLANG_WARN_NON_LITERAL_NULL_CONVERSION = YES;
				CLANG_WARN_OBJC_IMPLICIT_RETAIN_SELF = YES;
				CLANG_WARN_OBJC_LITERAL_CONVERSION = YES;
				CLANG_WARN_OBJC_ROOT_CLASS = YES_ERROR;
				CLANG_WARN_QUOTED_INCLUDE_IN_FRAMEWORK_HEADER = YES;
				CLANG_WARN_RANGE_LOOP_ANALYSIS = YES;
				CLANG_WARN_STRICT_PROTOTYPES = YES;
				CLANG_WARN_SUSPICIOUS_MOVE = YES;
				CLANG_WARN_UNGUARDED_AVAILABILITY = YES_AGGRESSIVE;
				CLANG_WARN_UNREACHABLE_CODE = YES;
				CLANG_WARN__DUPLICATE_METHOD_MATCH = YES;
				COPY_PHASE_STRIP = NO;
				DEBUG_INFORMATION_FORMAT = "dwarf-with-dsym";
				ENABLE_NS_ASSERTIONS = NO;
				ENABLE_STRICT_OBJC_MSGSEND = YES;
				ENABLE_USER_SCRIPT_SANDBOXING = YES;
				GCC_C_LANGUAGE_STANDARD = gnu17;
				GCC_NO_COMMON_BLOCKS = YES;
				GCC_WARN_64_TO_32_BIT_CONVERSION = YES;
				GCC_WARN_ABOUT_RETURN_TYPE = YES_ERROR;
				GCC_WARN_UNDECLARED_SELECTOR = YES;
				GCC_WARN_UNINITIALIZED_AUTOS = YES_AGGRESSIVE;
				GCC_WARN_UNUSED_FUNCTION = YES;
				GCC_WARN_UNUSED_VARIABLE = YES;
				IPHONEOS_DEPLOYMENT_TARGET = 17.0;
				LOCALIZATION_PREFERS_STRING_CATALOGS = YES;
				MTL_ENABLE_DEBUG_INFO = NO;
				MTL_FAST_MATH = YES;
				SDKROOT = iphoneos;
				SWIFT_COMPILATION_MODE = wholemodule;
				VALIDATE_PRODUCT = YES;
			};
			name = Release;
		};
		55F975EC2AF5B0F10025DD32 /* Debug */ = {
			isa = XCBuildConfiguration;
			buildSettings = {
				ASSETCATALOG_COMPILER_APPICON_NAME = AppIcon;
				ASSETCATALOG_COMPILER_GLOBAL_ACCENT_COLOR_NAME = AccentColor;
				CODE_SIGN_STYLE = Automatic;
				CURRENT_PROJECT_VERSION = 1;
				GENERATE_INFOPLIST_FILE = YES;
				INFOPLIST_FILE = SearchBar/Info.plist;
				INFOPLIST_KEY_UIApplicationSupportsIndirectInputEvents = YES;
				INFOPLIST_KEY_UILaunchStoryboardName = LaunchScreen;
				INFOPLIST_KEY_UIMainStoryboardFile = Main;
				INFOPLIST_KEY_UISupportedInterfaceOrientations_iPad = "UIInterfaceOrientationPortrait UIInterfaceOrientationPortraitUpsideDown UIInterfaceOrientationLandscapeLeft UIInterfaceOrientationLandscapeRight";
				INFOPLIST_KEY_UISupportedInterfaceOrientations_iPhone = "UIInterfaceOrientationPortrait UIInterfaceOrientationLandscapeLeft UIInterfaceOrientationLandscapeRight";
				LD_RUNPATH_SEARCH_PATHS = (
					"$(inherited)",
					"@executable_path/Frameworks",
				);
				MARKETING_VERSION = 1.0;
				PRODUCT_BUNDLE_IDENTIFIER = uriel.soubran.SearchBar;
				PRODUCT_NAME = "$(TARGET_NAME)";
				SWIFT_EMIT_LOC_STRINGS = YES;
				SWIFT_VERSION = 5.0;
				TARGETED_DEVICE_FAMILY = "1,2";
			};
			name = Debug;
		};
		55F975ED2AF5B0F10025DD32 /* Release */ = {
			isa = XCBuildConfiguration;
			buildSettings = {
				ASSETCATALOG_COMPILER_APPICON_NAME = AppIcon;
				ASSETCATALOG_COMPILER_GLOBAL_ACCENT_COLOR_NAME = AccentColor;
				CODE_SIGN_STYLE = Automatic;
				CURRENT_PROJECT_VERSION = 1;
				GENERATE_INFOPLIST_FILE = YES;
				INFOPLIST_FILE = SearchBar/Info.plist;
				INFOPLIST_KEY_UIApplicationSupportsIndirectInputEvents = YES;
				INFOPLIST_KEY_UILaunchStoryboardName = LaunchScreen;
				INFOPLIST_KEY_UIMainStoryboardFile = Main;
				INFOPLIST_KEY_UISupportedInterfaceOrientations_iPad = "UIInterfaceOrientationPortrait UIInterfaceOrientationPortraitUpsideDown UIInterfaceOrientationLandscapeLeft UIInterfaceOrientationLandscapeRight";
				INFOPLIST_KEY_UISupportedInterfaceOrientations_iPhone = "UIInterfaceOrientationPortrait UIInterfaceOrientationLandscapeLeft UIInterfaceOrientationLandscapeRight";
				LD_RUNPATH_SEARCH_PATHS = (
					"$(inherited)",
					"@executable_path/Frameworks",
				);
				MARKETING_VERSION = 1.0;
				PRODUCT_BUNDLE_IDENTIFIER = uriel.soubran.SearchBar;
				PRODUCT_NAME = "$(TARGET_NAME)";
				SWIFT_EMIT_LOC_STRINGS = YES;
				SWIFT_VERSION = 5.0;
				TARGETED_DEVICE_FAMILY = "1,2";
			};
			name = Release;
		};
		55F975EF2AF5B0F10025DD32 /* Debug */ = {
			isa = XCBuildConfiguration;
			buildSettings = {
				ALWAYS_EMBED_SWIFT_STANDARD_LIBRARIES = YES;
				BUNDLE_LOADER = "$(TEST_HOST)";
				CODE_SIGN_STYLE = Automatic;
				CURRENT_PROJECT_VERSION = 1;
				GENERATE_INFOPLIST_FILE = YES;
				IPHONEOS_DEPLOYMENT_TARGET = 17.0;
				MARKETING_VERSION = 1.0;
				PRODUCT_BUNDLE_IDENTIFIER = uriel.soubran.SearchBarTests;
				PRODUCT_NAME = "$(TARGET_NAME)";
				SWIFT_EMIT_LOC_STRINGS = NO;
				SWIFT_VERSION = 5.0;
				TARGETED_DEVICE_FAMILY = "1,2";
				TEST_HOST = "$(BUILT_PRODUCTS_DIR)/SearchBar.app/$(BUNDLE_EXECUTABLE_FOLDER_PATH)/SearchBar";
			};
			name = Debug;
		};
		55F975F02AF5B0F10025DD32 /* Release */ = {
			isa = XCBuildConfiguration;
			buildSettings = {
				ALWAYS_EMBED_SWIFT_STANDARD_LIBRARIES = YES;
				BUNDLE_LOADER = "$(TEST_HOST)";
				CODE_SIGN_STYLE = Automatic;
				CURRENT_PROJECT_VERSION = 1;
				GENERATE_INFOPLIST_FILE = YES;
				IPHONEOS_DEPLOYMENT_TARGET = 17.0;
				MARKETING_VERSION = 1.0;
				PRODUCT_BUNDLE_IDENTIFIER = uriel.soubran.SearchBarTests;
				PRODUCT_NAME = "$(TARGET_NAME)";
				SWIFT_EMIT_LOC_STRINGS = NO;
				SWIFT_VERSION = 5.0;
				TARGETED_DEVICE_FAMILY = "1,2";
				TEST_HOST = "$(BUILT_PRODUCTS_DIR)/SearchBar.app/$(BUNDLE_EXECUTABLE_FOLDER_PATH)/SearchBar";
			};
			name = Release;
		};
		55F975F22AF5B0F10025DD32 /* Debug */ = {
			isa = XCBuildConfiguration;
			buildSettings = {
				ALWAYS_EMBED_SWIFT_STANDARD_LIBRARIES = YES;
				CODE_SIGN_STYLE = Automatic;
				CURRENT_PROJECT_VERSION = 1;
				GENERATE_INFOPLIST_FILE = YES;
				MARKETING_VERSION = 1.0;
				PRODUCT_BUNDLE_IDENTIFIER = uriel.soubran.SearchBarUITests;
				PRODUCT_NAME = "$(TARGET_NAME)";
				SWIFT_EMIT_LOC_STRINGS = NO;
				SWIFT_VERSION = 5.0;
				TARGETED_DEVICE_FAMILY = "1,2";
				TEST_TARGET_NAME = SearchBar;
			};
			name = Debug;
		};
		55F975F32AF5B0F10025DD32 /* Release */ = {
			isa = XCBuildConfiguration;
			buildSettings = {
				ALWAYS_EMBED_SWIFT_STANDARD_LIBRARIES = YES;
				CODE_SIGN_STYLE = Automatic;
				CURRENT_PROJECT_VERSION = 1;
				GENERATE_INFOPLIST_FILE = YES;
				MARKETING_VERSION = 1.0;
				PRODUCT_BUNDLE_IDENTIFIER = uriel.soubran.SearchBarUITests;
				PRODUCT_NAME = "$(TARGET_NAME)";
				SWIFT_EMIT_LOC_STRINGS = NO;
				SWIFT_VERSION = 5.0;
				TARGETED_DEVICE_FAMILY = "1,2";
				TEST_TARGET_NAME = SearchBar;
			};
			name = Release;
		};
/* End XCBuildConfiguration section */

/* Begin XCConfigurationList section */
		55F975BC2AF5B0F00025DD32 /* Build configuration list for PBXProject "SearchBar" */ = {
			isa = XCConfigurationList;
			buildConfigurations = (
				55F975E92AF5B0F10025DD32 /* Debug */,
				55F975EA2AF5B0F10025DD32 /* Release */,
			);
			defaultConfigurationIsVisible = 0;
			defaultConfigurationName = Release;
		};
		55F975EB2AF5B0F10025DD32 /* Build configuration list for PBXNativeTarget "SearchBar" */ = {
			isa = XCConfigurationList;
			buildConfigurations = (
				55F975EC2AF5B0F10025DD32 /* Debug */,
				55F975ED2AF5B0F10025DD32 /* Release */,
			);
			defaultConfigurationIsVisible = 0;
			defaultConfigurationName = Release;
		};
		55F975EE2AF5B0F10025DD32 /* Build configuration list for PBXNativeTarget "SearchBarTests" */ = {
			isa = XCConfigurationList;
			buildConfigurations = (
				55F975EF2AF5B0F10025DD32 /* Debug */,
				55F975F02AF5B0F10025DD32 /* Release */,
			);
			defaultConfigurationIsVisible = 0;
			defaultConfigurationName = Release;
		};
		55F975F12AF5B0F10025DD32 /* Build configuration list for PBXNativeTarget "SearchBarUITests" */ = {
			isa = XCConfigurationList;
			buildConfigurations = (
				55F975F22AF5B0F10025DD32 /* Debug */,
				55F975F32AF5B0F10025DD32 /* Release */,
			);
			defaultConfigurationIsVisible = 0;
			defaultConfigurationName = Release;
		};
/* End XCConfigurationList section */
	};
	rootObject = 55F975B92AF5B0F00025DD32 /* Project object */;
}
